
Microsoft Visual Studio Solution File, Format Version 12.00
# Visual Studio 2017
Project("{FAE04EC0-301F-11D3-BF4B-00C04F79EFBC}") = "COMP396-Final-Project-master", "COMP396-Final-Project-master.csproj", "{F03E7F9D-CB8D-49F4-8B04-A09B9592DB99}"
EndProject
Global
	GlobalSection(SolutionConfigurationPlatforms) = preSolution
		Debug|Any CPU = Debug|Any CPU
		Release|Any CPU = Release|Any CPU
	EndGlobalSection
	GlobalSection(ProjectConfigurationPlatforms) = postSolution
		{F03E7F9D-CB8D-49F4-8B04-A09B9592DB99}.Debug|Any CPU.ActiveCfg = Debug|Any CPU
		{F03E7F9D-CB8D-49F4-8B04-A09B9592DB99}.Debug|Any CPU.Build.0 = Debug|Any CPU
		{F03E7F9D-CB8D-49F4-8B04-A09B9592DB99}.Release|Any CPU.ActiveCfg = Release|Any CPU
		{F03E7F9D-CB8D-49F4-8B04-A09B9592DB99}.Release|Any CPU.Build.0 = Release|Any CPU
	EndGlobalSection
	GlobalSection(SolutionProperties) = preSolution
		HideSolutionNode = FALSE
	EndGlobalSection
EndGlobal
